
Microsoft Visual Studio Solution File, Format Version 12.00
# Visual Studio 15
VisualStudioVersion = 15.0.26403.7
MinimumVisualStudioVersion = 10.0.40219.1
Project("{9A19103F-16F7-4668-BE54-9A1E7A4F7556}") = "Glyde.Di", "Glyde.Di\Glyde.Di.csproj", "{29867091-3AEC-4703-A72D-C9E6030C0A97}"
EndProject
Project("{9A19103F-16F7-4668-BE54-9A1E7A4F7556}") = "Glyde.Bootstrapper", "Glyde.Bootstrapper\Glyde.Bootstrapper.csproj", "{D62B8F3F-6F3A-4B1B-AC23-DA30150B86DD}"
EndProject
Project("{9A19103F-16F7-4668-BE54-9A1E7A4F7556}") = "Glyde.Configuration", "Glyde.Configuration\Glyde.Configuration.csproj", "{32A12279-2325-4F84-B451-3C920CFBBC6E}"
EndProject
Project("{9A19103F-16F7-4668-BE54-9A1E7A4F7556}") = "Glyde.Di.SimpleInjector", "Glyde.Di.SimpleInjector\Glyde.Di.SimpleInjector.csproj", "{6C9E2D10-BFE6-4291-A482-D205FEE6D44C}"
EndProject
Project("{9A19103F-16F7-4668-BE54-9A1E7A4F7556}") = "Glyde.NoSql.AzureTables", "Glyde.NoSql.AzureTables\Glyde.NoSql.AzureTables.csproj", "{5BFCD702-9E7D-4809-8C42-59044CEC23B6}"
EndProject
Project("{9A19103F-16F7-4668-BE54-9A1E7A4F7556}") = "Glyde.Web.Api.Common", "Glyde.Web.Api.Common\Glyde.Web.Api.Common.csproj", "{160C134D-2B73-4DEE-B20E-10407B6FD806}"
EndProject
Project("{9A19103F-16F7-4668-BE54-9A1E7A4F7556}") = "Glyde.AspNetCore.Common", "Glyde.AspNetCore.Common\Glyde.AspNetCore.Common.csproj", "{8F803EE6-F663-428C-975A-131059541E9F}"
EndProject
Project("{2150E333-8FDC-42A3-9474-1A3956D46DE8}") = "asp.net_core", "asp.net_core", "{814B8B77-9024-454B-986A-5E43FE352B27}"
EndProject
Project("{2150E333-8FDC-42A3-9474-1A3956D46DE8}") = "web", "web", "{C89C1E01-33D4-4222-A216-F5FA99B2E2FC}"
EndProject
Project("{2150E333-8FDC-42A3-9474-1A3956D46DE8}") = "data", "data", "{7A8E1E64-5EC1-4B37-8447-4BC73AB81B4F}"
EndProject
Project("{2150E333-8FDC-42A3-9474-1A3956D46DE8}") = "di", "di", "{E01192AC-EB15-4FB4-AAE5-3FC06A8CD58C}"
EndProject
Project("{2150E333-8FDC-42A3-9474-1A3956D46DE8}") = "bootstrapping", "bootstrapping", "{ED911D04-277F-4CB2-B62C-1401D7AFC03F}"
EndProject
Project("{2150E333-8FDC-42A3-9474-1A3956D46DE8}") = "configuration", "configuration", "{9A2404AE-0E7C-424A-85D1-5097B4396DC0}"
EndProject
Project("{9A19103F-16F7-4668-BE54-9A1E7A4F7556}") = "Glyde.NoSql", "Glyde.NoSql\Glyde.NoSql.csproj", "{DF98D8EA-DEC9-4942-A7F7-717472733A13}"
EndProject
Project("{9A19103F-16F7-4668-BE54-9A1E7A4F7556}") = "Glyde.Data", "Glyde.Data\Glyde.Data.csproj", "{17DF0288-3CF5-458C-B6F5-033101DBC852}"
EndProject
Project("{9A19103F-16F7-4668-BE54-9A1E7A4F7556}") = "Glyde.Data.EfCore", "Glyde.Data.EfCore\Glyde.Data.EfCore.csproj", "{DCC0186A-7F5B-40AC-936D-8E6FA97D616D}"
EndProject
Project("{9A19103F-16F7-4668-BE54-9A1E7A4F7556}") = "Glyde.ApplicationSupport", "Glyde.ApplicationSupport\Glyde.ApplicationSupport.csproj", "{0D0E0C58-047A-4B42-80F6-B25017CB6807}"
EndProject
Project("{2150E333-8FDC-42A3-9474-1A3956D46DE8}") = "appsupport", "appsupport", "{639541DF-79A6-4DE2-8465-4D6051928908}"
EndProject
Global
	GlobalSection(SolutionConfigurationPlatforms) = preSolution
		Debug|Any CPU = Debug|Any CPU
		Release|Any CPU = Release|Any CPU
	EndGlobalSection
	GlobalSection(ProjectConfigurationPlatforms) = postSolution
		{29867091-3AEC-4703-A72D-C9E6030C0A97}.Debug|Any CPU.ActiveCfg = Debug|Any CPU
		{29867091-3AEC-4703-A72D-C9E6030C0A97}.Debug|Any CPU.Build.0 = Debug|Any CPU
		{29867091-3AEC-4703-A72D-C9E6030C0A97}.Release|Any CPU.ActiveCfg = Release|Any CPU
		{29867091-3AEC-4703-A72D-C9E6030C0A97}.Release|Any CPU.Build.0 = Release|Any CPU
		{D62B8F3F-6F3A-4B1B-AC23-DA30150B86DD}.Debug|Any CPU.ActiveCfg = Debug|Any CPU
		{D62B8F3F-6F3A-4B1B-AC23-DA30150B86DD}.Debug|Any CPU.Build.0 = Debug|Any CPU
		{D62B8F3F-6F3A-4B1B-AC23-DA30150B86DD}.Release|Any CPU.ActiveCfg = Release|Any CPU
		{D62B8F3F-6F3A-4B1B-AC23-DA30150B86DD}.Release|Any CPU.Build.0 = Release|Any CPU
		{32A12279-2325-4F84-B451-3C920CFBBC6E}.Debug|Any CPU.ActiveCfg = Debug|Any CPU
		{32A12279-2325-4F84-B451-3C920CFBBC6E}.Debug|Any CPU.Build.0 = Debug|Any CPU
		{32A12279-2325-4F84-B451-3C920CFBBC6E}.Release|Any CPU.ActiveCfg = Release|Any CPU
		{32A12279-2325-4F84-B451-3C920CFBBC6E}.Release|Any CPU.Build.0 = Release|Any CPU
		{6C9E2D10-BFE6-4291-A482-D205FEE6D44C}.Debug|Any CPU.ActiveCfg = Debug|Any CPU
		{6C9E2D10-BFE6-4291-A482-D205FEE6D44C}.Debug|Any CPU.Build.0 = Debug|Any CPU
		{6C9E2D10-BFE6-4291-A482-D205FEE6D44C}.Release|Any CPU.ActiveCfg = Release|Any CPU
		{6C9E2D10-BFE6-4291-A482-D205FEE6D44C}.Release|Any CPU.Build.0 = Release|Any CPU
		{5BFCD702-9E7D-4809-8C42-59044CEC23B6}.Debug|Any CPU.ActiveCfg = Debug|Any CPU
		{5BFCD702-9E7D-4809-8C42-59044CEC23B6}.Debug|Any CPU.Build.0 = Debug|Any CPU
		{5BFCD702-9E7D-4809-8C42-59044CEC23B6}.Release|Any CPU.ActiveCfg = Release|Any CPU
		{5BFCD702-9E7D-4809-8C42-59044CEC23B6}.Release|Any CPU.Build.0 = Release|Any CPU
		{160C134D-2B73-4DEE-B20E-10407B6FD806}.Debug|Any CPU.ActiveCfg = Debug|Any CPU
		{160C134D-2B73-4DEE-B20E-10407B6FD806}.Debug|Any CPU.Build.0 = Debug|Any CPU
		{160C134D-2B73-4DEE-B20E-10407B6FD806}.Release|Any CPU.ActiveCfg = Release|Any CPU
		{160C134D-2B73-4DEE-B20E-10407B6FD806}.Release|Any CPU.Build.0 = Release|Any CPU
		{8F803EE6-F663-428C-975A-131059541E9F}.Debug|Any CPU.ActiveCfg = Debug|Any CPU
		{8F803EE6-F663-428C-975A-131059541E9F}.Debug|Any CPU.Build.0 = Debug|Any CPU
		{8F803EE6-F663-428C-975A-131059541E9F}.Release|Any CPU.ActiveCfg = Release|Any CPU
		{8F803EE6-F663-428C-975A-131059541E9F}.Release|Any CPU.Build.0 = Release|Any CPU
		{DF98D8EA-DEC9-4942-A7F7-717472733A13}.Debug|Any CPU.ActiveCfg = Debug|Any CPU
		{DF98D8EA-DEC9-4942-A7F7-717472733A13}.Debug|Any CPU.Build.0 = Debug|Any CPU
		{DF98D8EA-DEC9-4942-A7F7-717472733A13}.Release|Any CPU.ActiveCfg = Release|Any CPU
		{DF98D8EA-DEC9-4942-A7F7-717472733A13}.Release|Any CPU.Build.0 = Release|Any CPU
		{17DF0288-3CF5-458C-B6F5-033101DBC852}.Debug|Any CPU.ActiveCfg = Debug|Any CPU
		{17DF0288-3CF5-458C-B6F5-033101DBC852}.Debug|Any CPU.Build.0 = Debug|Any CPU
		{17DF0288-3CF5-458C-B6F5-033101DBC852}.Release|Any CPU.ActiveCfg = Release|Any CPU
		{17DF0288-3CF5-458C-B6F5-033101DBC852}.Release|Any CPU.Build.0 = Release|Any CPU
		{DCC0186A-7F5B-40AC-936D-8E6FA97D616D}.Debug|Any CPU.ActiveCfg = Debug|Any CPU
		{DCC0186A-7F5B-40AC-936D-8E6FA97D616D}.Debug|Any CPU.Build.0 = Debug|Any CPU
		{DCC0186A-7F5B-40AC-936D-8E6FA97D616D}.Release|Any CPU.ActiveCfg = Release|Any CPU
		{DCC0186A-7F5B-40AC-936D-8E6FA97D616D}.Release|Any CPU.Build.0 = Release|Any CPU
		{0D0E0C58-047A-4B42-80F6-B25017CB6807}.Debug|Any CPU.ActiveCfg = Debug|Any CPU
		{0D0E0C58-047A-4B42-80F6-B25017CB6807}.Debug|Any CPU.Build.0 = Debug|Any CPU
		{0D0E0C58-047A-4B42-80F6-B25017CB6807}.Release|Any CPU.ActiveCfg = Release|Any CPU
		{0D0E0C58-047A-4B42-80F6-B25017CB6807}.Release|Any CPU.Build.0 = Release|Any CPU
	EndGlobalSection
	GlobalSection(SolutionProperties) = preSolution
		HideSolutionNode = FALSE
	EndGlobalSection
	GlobalSection(NestedProjects) = preSolution
		{29867091-3AEC-4703-A72D-C9E6030C0A97} = {E01192AC-EB15-4FB4-AAE5-3FC06A8CD58C}
		{D62B8F3F-6F3A-4B1B-AC23-DA30150B86DD} = {ED911D04-277F-4CB2-B62C-1401D7AFC03F}
		{32A12279-2325-4F84-B451-3C920CFBBC6E} = {9A2404AE-0E7C-424A-85D1-5097B4396DC0}
		{6C9E2D10-BFE6-4291-A482-D205FEE6D44C} = {E01192AC-EB15-4FB4-AAE5-3FC06A8CD58C}
		{5BFCD702-9E7D-4809-8C42-59044CEC23B6} = {7A8E1E64-5EC1-4B37-8447-4BC73AB81B4F}
		{160C134D-2B73-4DEE-B20E-10407B6FD806} = {C89C1E01-33D4-4222-A216-F5FA99B2E2FC}
		{8F803EE6-F663-428C-975A-131059541E9F} = {814B8B77-9024-454B-986A-5E43FE352B27}
		{DF98D8EA-DEC9-4942-A7F7-717472733A13} = {7A8E1E64-5EC1-4B37-8447-4BC73AB81B4F}
		{17DF0288-3CF5-458C-B6F5-033101DBC852} = {7A8E1E64-5EC1-4B37-8447-4BC73AB81B4F}
		{DCC0186A-7F5B-40AC-936D-8E6FA97D616D} = {7A8E1E64-5EC1-4B37-8447-4BC73AB81B4F}
		{0D0E0C58-047A-4B42-80F6-B25017CB6807} = {639541DF-79A6-4DE2-8465-4D6051928908}
	EndGlobalSection
EndGlobal
